// !$*UTF8*$!
{
	archiveVersion = 1;
	classes = {
	};
	objectVersion = 46;
	objects = {

/* Begin PBXBuildFile section */
		011667F613A54747BDBDB391 /* BackgroundTaskManager.m in Sources */ = {isa = PBXBuildFile; fileRef = 2CAA2FCB95E94A9BAAA97AC5 /* BackgroundTaskManager.m */; };
		0207DA581B56EA530066E2B4 /* Images.xcassets in Resources */ = {isa = PBXBuildFile; fileRef = 0207DA571B56EA530066E2B4 /* Images.xcassets */; };
		0885D542820048FD88639232 /* CocoaLumberjack.m in Sources */ = {isa = PBXBuildFile; fileRef = 50F578D1B58F4689851C35F6 /* CocoaLumberjack.m */; };
		0A38133CADAC408C8C586CF4 /* CDVViewController+SplashScreen.m in Sources */ = {isa = PBXBuildFile; fileRef = 86254D8C72274D0B918F9970 /* CDVViewController+SplashScreen.m */; };
		12D7387CA895417180117845 /* Location.m in Sources */ = {isa = PBXBuildFile; fileRef = 1472FD6A7F39466C914C28AB /* Location.m */; };
		1D3623260D0F684500981E51 /* AppDelegate.m in Sources */ = {isa = PBXBuildFile; fileRef = 1D3623250D0F684500981E51 /* AppDelegate.m */; };
		1D60589B0D05DD56006BFB54 /* main.m in Sources */ = {isa = PBXBuildFile; fileRef = 29B97316FDCFA39411CA2CEA /* main.m */; };
		200664EF951545228D4C6F80 /* APPBackgroundMode.m in Sources */ = {isa = PBXBuildFile; fileRef = 91A255A12EA34ECFB6F46189 /* APPBackgroundMode.m */; };
		293BC10B92EB40BFA3A9C321 /* SQLiteLocationDAO.m in Sources */ = {isa = PBXBuildFile; fileRef = 2A76354154A34D62B4F675E5 /* SQLiteLocationDAO.m */; };
		2CB7DE760747420D82C931AA /* appbeep.wav in Resources */ = {isa = PBXBuildFile; fileRef = F72F6CC61F6B476D804A97DF /* appbeep.wav */; };
		301BF552109A68D80062928A /* libCordova.a in Frameworks */ = {isa = PBXBuildFile; fileRef = 301BF535109A57CC0062928A /* libCordova.a */; };
		302D95F114D2391D003F00A1 /* MainViewController.m in Sources */ = {isa = PBXBuildFile; fileRef = 302D95EF14D2391D003F00A1 /* MainViewController.m */; };
		302D95F214D2391D003F00A1 /* MainViewController.xib in Resources */ = {isa = PBXBuildFile; fileRef = 302D95F014D2391D003F00A1 /* MainViewController.xib */; };
		31EB56F76CC7433993986E2F /* IonicKeyboard.m in Sources */ = {isa = PBXBuildFile; fileRef = 9018B2DA8BE64DA7BF32D768 /* IonicKeyboard.m */; };
		351BEE76D8E14AA693236F20 /* CDVBackgroundGeolocation.m in Sources */ = {isa = PBXBuildFile; fileRef = 46299EAD44224ECB8C83DB4D /* CDVBackgroundGeolocation.m */; };
		3B31C2C7EABF42E6A3685E3B /* SystemConfiguration.framework in Frameworks */ = {isa = PBXBuildFile; fileRef = 3251C386DE904022930F4715 /* SystemConfiguration.framework */; };
		48ACFF255353449382428FCE /* CDVLocation.m in Sources */ = {isa = PBXBuildFile; fileRef = 61CC1C576DAD4CB4AADB1EE9 /* CDVLocation.m */; };
		4CF29E2EC9114465868A7CF6 /* AVFoundation.framework in Frameworks */ = {isa = PBXBuildFile; fileRef = B39C68F9C5DD4200B1D87F0C /* AVFoundation.framework */; settings = {ATTRIBUTES = (Weak, ); }; };
		528611CD6BF147689BC717DC /* CoreLocation.framework in Frameworks */ = {isa = PBXBuildFile; fileRef = 5670499F717A4FD38B148AEA /* CoreLocation.framework */; };
		632301A7B52B4B8F9999CEA4 /* Config.m in Sources */ = {isa = PBXBuildFile; fileRef = B195095778FA499E970D58C6 /* Config.m */; };
		66B5B94030114BB1B3C2F51D /* LocationUploader.m in Sources */ = {isa = PBXBuildFile; fileRef = DF7B2C0B71D54692B8C1484A /* LocationUploader.m */; };
		6C63FC687FB14B7B909AB8EC /* Logging.m in Sources */ = {isa = PBXBuildFile; fileRef = CEACCD642A8142E2B302D784 /* Logging.m */; };
		6D9BD9BDCAC44B1F83182741 /* FMDBLogger.m in Sources */ = {isa = PBXBuildFile; fileRef = BAC33836F1A7498487239B7B /* FMDBLogger.m */; };
		7023C6B0A7024AFDA295B3DA /* LocationContract.m in Sources */ = {isa = PBXBuildFile; fileRef = E105A0A0ADCB43BF94DBA98C /* LocationContract.m */; };
		732006A8CBF2406C99E3E59F /* CDVSound.m in Sources */ = {isa = PBXBuildFile; fileRef = 964B28282D7B45788600AE58 /* CDVSound.m */; };
		774A2382FF8A4F05ACAC8536 /* GeolocationOpenHelper.m in Sources */ = {isa = PBXBuildFile; fileRef = 90B3F437B1784EBF9400FC76 /* GeolocationOpenHelper.m */; };
		839230C106E74A7FB254F81E /* SQLiteOpenHelper.m in Sources */ = {isa = PBXBuildFile; fileRef = 5F7AF7A121FA437BAD389123 /* SQLiteOpenHelper.m */; };
		A9DFFF4BF68C48EBA1C7614D /* Reachability.m in Sources */ = {isa = PBXBuildFile; fileRef = 2AEDE93A7D37420ABFF637A9 /* Reachability.m */; };
		AB84B828968E48728E4C10C2 /* CDVStatusBar.m in Sources */ = {isa = PBXBuildFile; fileRef = 1B4CBE6901394C5A8602C4D2 /* CDVStatusBar.m */; };
		ABC588D6506D4E36B3DBA15A /* LocationManager.m in Sources */ = {isa = PBXBuildFile; fileRef = 440C13C71B0247A5A87CF313 /* LocationManager.m */; };
		BC368A8C63ED4B23A3F25928 /* AudioToolbox.framework in Frameworks */ = {isa = PBXBuildFile; fileRef = EB7DD99D611B43D28E106EA3 /* AudioToolbox.framework */; settings = {ATTRIBUTES = (Weak, ); }; };
		C6A312A259CF4F928BF0F70C /* libsqlite3.dylib in Frameworks */ = {isa = PBXBuildFile; fileRef = 5F062180D579405EB3B9AAF8 /* libsqlite3.dylib */; settings = {ATTRIBUTES = (Weak, ); }; };
		CAF297D4010F46F588AD127D /* SQLiteHelper.m in Sources */ = {isa = PBXBuildFile; fileRef = 7F46F9A945E146E89346C1EB /* SQLiteHelper.m */; };
		CBFB2333C40448BAADA71A7E /* CDVLocalFilesystem.m in Sources */ = {isa = PBXBuildFile; fileRef = 140E101ECF0249EBBFCBEB97 /* CDVLocalFilesystem.m */; };
		D4BAD9439E564694BAB58822 /* CDVSplashScreen.m in Sources */ = {isa = PBXBuildFile; fileRef = D0B7CDE7F3334E4D81340D4F /* CDVSplashScreen.m */; };
		E854A209D6324F63975ED5AB /* CDVDevice.m in Sources */ = {isa = PBXBuildFile; fileRef = 2884DC6CE10742DAA07E5832 /* CDVDevice.m */; };
		EB65A50C273942E9A5A7848A /* CDVAssetLibraryFilesystem.m in Sources */ = {isa = PBXBuildFile; fileRef = 3A5AE35B728D4C5A9BF8484A /* CDVAssetLibraryFilesystem.m */; };
		EFC53DF0485D47C3BD1304D4 /* CDVLogger.m in Sources */ = {isa = PBXBuildFile; fileRef = 6D05261E8D8D43388F4FF6A1 /* CDVLogger.m */; };
		F0BE873A22F644B0823D0D98 /* CDVFile.m in Sources */ = {isa = PBXBuildFile; fileRef = 55C8DCEF103F4D8583A16F2E /* CDVFile.m */; };
		F29BEB9BDDCE438581BD2C39 /* FMDB.m in Sources */ = {isa = PBXBuildFile; fileRef = CE98932267A84111B4082E64 /* FMDB.m */; };
/* End PBXBuildFile section */

/* Begin PBXContainerItemProxy section */
		301BF534109A57CC0062928A /* PBXContainerItemProxy */ = {
			isa = PBXContainerItemProxy;
			containerPortal = 301BF52D109A57CC0062928A /* CordovaLib.xcodeproj */;
			proxyType = 2;
			remoteGlobalIDString = D2AAC07E0554694100DB518D;
			remoteInfo = CordovaLib;
		};
		301BF550109A68C00062928A /* PBXContainerItemProxy */ = {
			isa = PBXContainerItemProxy;
			containerPortal = 301BF52D109A57CC0062928A /* CordovaLib.xcodeproj */;
			proxyType = 1;
			remoteGlobalIDString = D2AAC07D0554694100DB518D;
			remoteInfo = CordovaLib;
		};
/* End PBXContainerItemProxy section */

/* Begin PBXFileReference section */
		0207DA571B56EA530066E2B4 /* Images.xcassets */ = {isa = PBXFileReference; lastKnownFileType = folder.assetcatalog; name = Images.xcassets; path = roadRunner/Images.xcassets; sourceTree = SOURCE_ROOT; };
		044CA6B4718D497B8CB3171C /* CDVLogger.h */ = {isa = PBXFileReference; explicitFileType = undefined; fileEncoding = 4; includeInIndex = 0; lastKnownFileType = sourcecode.c.h; name = CDVLogger.h; path = "cordova-plugin-console/CDVLogger.h"; sourceTree = "<group>"; };
		06375DA633C245D0A6A075CE /* CDVAssetLibraryFilesystem.h */ = {isa = PBXFileReference; explicitFileType = undefined; fileEncoding = 4; includeInIndex = 0; lastKnownFileType = sourcecode.c.h; name = CDVAssetLibraryFilesystem.h; path = "cordova-plugin-file/CDVAssetLibraryFilesystem.h"; sourceTree = "<group>"; };
		08E0D8C4A9964F6BA61373B7 /* SQLiteHelper.h */ = {isa = PBXFileReference; explicitFileType = undefined; fileEncoding = 4; includeInIndex = 0; lastKnownFileType = sourcecode.c.h; name = SQLiteHelper.h; path = "cordova-plugin-mauron85-background-geolocation/SQLiteHelper.h"; sourceTree = "<group>"; };
		09442ACBA3B14221A008D194 /* Config.h */ = {isa = PBXFileReference; explicitFileType = undefined; fileEncoding = 4; includeInIndex = 0; lastKnownFileType = sourcecode.c.h; name = Config.h; path = "cordova-plugin-mauron85-background-geolocation/Config.h"; sourceTree = "<group>"; };
		0DCBB2ABCE0A418AA538A9A4 /* Reachability.h */ = {isa = PBXFileReference; explicitFileType = undefined; fileEncoding = 4; includeInIndex = 0; lastKnownFileType = sourcecode.c.h; name = Reachability.h; path = "cordova-plugin-mauron85-background-geolocation/Reachability.h"; sourceTree = "<group>"; };
		140E101ECF0249EBBFCBEB97 /* CDVLocalFilesystem.m */ = {isa = PBXFileReference; explicitFileType = undefined; fileEncoding = 4; includeInIndex = 0; lastKnownFileType = sourcecode.c.objc; name = CDVLocalFilesystem.m; path = "cordova-plugin-file/CDVLocalFilesystem.m"; sourceTree = "<group>"; };
		1472FD6A7F39466C914C28AB /* Location.m */ = {isa = PBXFileReference; explicitFileType = undefined; fileEncoding = 4; includeInIndex = 0; lastKnownFileType = sourcecode.c.objc; name = Location.m; path = "cordova-plugin-mauron85-background-geolocation/Location.m"; sourceTree = "<group>"; };
		1AD60E763E84480EB6BE0020 /* GeolocationOpenHelper.h */ = {isa = PBXFileReference; explicitFileType = undefined; fileEncoding = 4; includeInIndex = 0; lastKnownFileType = sourcecode.c.h; name = GeolocationOpenHelper.h; path = "cordova-plugin-mauron85-background-geolocation/GeolocationOpenHelper.h"; sourceTree = "<group>"; };
		1B4CBE6901394C5A8602C4D2 /* CDVStatusBar.m */ = {isa = PBXFileReference; explicitFileType = undefined; fileEncoding = 4; includeInIndex = 0; lastKnownFileType = sourcecode.c.objc; name = CDVStatusBar.m; path = "cordova-plugin-statusbar/CDVStatusBar.m"; sourceTree = "<group>"; };
		1D3623240D0F684500981E51 /* AppDelegate.h */ = {isa = PBXFileReference; fileEncoding = 4; lastKnownFileType = sourcecode.c.h; path = AppDelegate.h; sourceTree = "<group>"; };
		1D3623250D0F684500981E51 /* AppDelegate.m */ = {isa = PBXFileReference; fileEncoding = 4; lastKnownFileType = sourcecode.c.objc; path = AppDelegate.m; sourceTree = "<group>"; };
		1D6058910D05DD3D006BFB54 /* roadRunner.app */ = {isa = PBXFileReference; explicitFileType = wrapper.application; includeInIndex = 0; path = roadRunner.app; sourceTree = BUILT_PRODUCTS_DIR; };
		27F0109445D5488E9A6F5A76 /* CocoaLumberjack.h */ = {isa = PBXFileReference; explicitFileType = undefined; fileEncoding = 4; includeInIndex = 0; lastKnownFileType = sourcecode.c.h; name = CocoaLumberjack.h; path = "cordova-plugin-mauron85-background-geolocation/CocoaLumberjack.h"; sourceTree = "<group>"; };
		2884DC6CE10742DAA07E5832 /* CDVDevice.m */ = {isa = PBXFileReference; explicitFileType = undefined; fileEncoding = 4; includeInIndex = 0; lastKnownFileType = sourcecode.c.objc; name = CDVDevice.m; path = "cordova-plugin-device/CDVDevice.m"; sourceTree = "<group>"; };
		29B97316FDCFA39411CA2CEA /* main.m */ = {isa = PBXFileReference; fileEncoding = 4; lastKnownFileType = sourcecode.c.objc; path = main.m; sourceTree = "<group>"; };
		2A76354154A34D62B4F675E5 /* SQLiteLocationDAO.m */ = {isa = PBXFileReference; explicitFileType = undefined; fileEncoding = 4; includeInIndex = 0; lastKnownFileType = sourcecode.c.objc; name = SQLiteLocationDAO.m; path = "cordova-plugin-mauron85-background-geolocation/SQLiteLocationDAO.m"; sourceTree = "<group>"; };
		2AEDE93A7D37420ABFF637A9 /* Reachability.m */ = {isa = PBXFileReference; explicitFileType = undefined; fileEncoding = 4; includeInIndex = 0; lastKnownFileType = sourcecode.c.objc; name = Reachability.m; path = "cordova-plugin-mauron85-background-geolocation/Reachability.m"; sourceTree = "<group>"; };
		2CAA2FCB95E94A9BAAA97AC5 /* BackgroundTaskManager.m */ = {isa = PBXFileReference; explicitFileType = undefined; fileEncoding = 4; includeInIndex = 0; lastKnownFileType = sourcecode.c.objc; name = BackgroundTaskManager.m; path = "cordova-plugin-mauron85-background-geolocation/BackgroundTaskManager.m"; sourceTree = "<group>"; };
		2F2BE599FAA642289F06DBBD /* Location.h */ = {isa = PBXFileReference; explicitFileType = undefined; fileEncoding = 4; includeInIndex = 0; lastKnownFileType = sourcecode.c.h; name = Location.h; path = "cordova-plugin-mauron85-background-geolocation/Location.h"; sourceTree = "<group>"; };
		301BF52D109A57CC0062928A /* CordovaLib.xcodeproj */ = {isa = PBXFileReference; lastKnownFileType = "wrapper.pb-project"; name = CordovaLib.xcodeproj; path = CordovaLib/CordovaLib.xcodeproj; sourceTree = "<group>"; };
		301BF56E109A69640062928A /* www */ = {isa = PBXFileReference; lastKnownFileType = folder; path = www; sourceTree = SOURCE_ROOT; };
		302D95EE14D2391D003F00A1 /* MainViewController.h */ = {isa = PBXFileReference; fileEncoding = 4; lastKnownFileType = sourcecode.c.h; path = MainViewController.h; sourceTree = "<group>"; };
		302D95EF14D2391D003F00A1 /* MainViewController.m */ = {isa = PBXFileReference; fileEncoding = 4; lastKnownFileType = sourcecode.c.objc; path = MainViewController.m; sourceTree = "<group>"; };
		302D95F014D2391D003F00A1 /* MainViewController.xib */ = {isa = PBXFileReference; fileEncoding = 4; lastKnownFileType = file.xib; path = MainViewController.xib; sourceTree = "<group>"; };
		303C7FAC0C684FA89D9A67F0 /* LocationUploader.h */ = {isa = PBXFileReference; explicitFileType = undefined; fileEncoding = 4; includeInIndex = 0; lastKnownFileType = sourcecode.c.h; name = LocationUploader.h; path = "cordova-plugin-mauron85-background-geolocation/LocationUploader.h"; sourceTree = "<group>"; };
		3047A50F1AB8059700498E2A /* build-debug.xcconfig */ = {isa = PBXFileReference; fileEncoding = 4; lastKnownFileType = text.xcconfig; name = "build-debug.xcconfig"; path = "cordova/build-debug.xcconfig"; sourceTree = SOURCE_ROOT; };
		3047A5101AB8059700498E2A /* build-release.xcconfig */ = {isa = PBXFileReference; fileEncoding = 4; lastKnownFileType = text.xcconfig; name = "build-release.xcconfig"; path = "cordova/build-release.xcconfig"; sourceTree = SOURCE_ROOT; };
		3047A5111AB8059700498E2A /* build.xcconfig */ = {isa = PBXFileReference; fileEncoding = 4; lastKnownFileType = text.xcconfig; name = build.xcconfig; path = cordova/build.xcconfig; sourceTree = SOURCE_ROOT; };
		3251C386DE904022930F4715 /* SystemConfiguration.framework */ = {isa = PBXFileReference; explicitFileType = undefined; fileEncoding = 0; includeInIndex = 0; lastKnownFileType = wrapper.framework; name = SystemConfiguration.framework; path = System/Library/Frameworks/SystemConfiguration.framework; sourceTree = SDKROOT; };
		32CA4F630368D1EE00C91783 /* roadRunner-Prefix.pch */ = {isa = PBXFileReference; fileEncoding = 4; lastKnownFileType = sourcecode.c.h; path = "roadRunner-Prefix.pch"; sourceTree = "<group>"; };
		3A5AE35B728D4C5A9BF8484A /* CDVAssetLibraryFilesystem.m */ = {isa = PBXFileReference; explicitFileType = undefined; fileEncoding = 4; includeInIndex = 0; lastKnownFileType = sourcecode.c.objc; name = CDVAssetLibraryFilesystem.m; path = "cordova-plugin-file/CDVAssetLibraryFilesystem.m"; sourceTree = "<group>"; };
		3BAF945A6434480283C420DA /* CDVLocation.h */ = {isa = PBXFileReference; explicitFileType = undefined; fileEncoding = 4; includeInIndex = 0; lastKnownFileType = sourcecode.c.h; name = CDVLocation.h; path = "cordova-plugin-geolocation/CDVLocation.h"; sourceTree = "<group>"; };
		440C13C71B0247A5A87CF313 /* LocationManager.m */ = {isa = PBXFileReference; explicitFileType = undefined; fileEncoding = 4; includeInIndex = 0; lastKnownFileType = sourcecode.c.objc; name = LocationManager.m; path = "cordova-plugin-mauron85-background-geolocation/LocationManager.m"; sourceTree = "<group>"; };
		459AAE6BFD0544B8BF6A5356 /* CDVLocalFilesystem.h */ = {isa = PBXFileReference; explicitFileType = undefined; fileEncoding = 4; includeInIndex = 0; lastKnownFileType = sourcecode.c.h; name = CDVLocalFilesystem.h; path = "cordova-plugin-file/CDVLocalFilesystem.h"; sourceTree = "<group>"; };
		46299EAD44224ECB8C83DB4D /* CDVBackgroundGeolocation.m */ = {isa = PBXFileReference; explicitFileType = undefined; fileEncoding = 4; includeInIndex = 0; lastKnownFileType = sourcecode.c.objc; name = CDVBackgroundGeolocation.m; path = "cordova-plugin-mauron85-background-geolocation/CDVBackgroundGeolocation.m"; sourceTree = "<group>"; };
		46C85FF3CC8F4AF99C8D4613 /* BackgroundTaskManager.h */ = {isa = PBXFileReference; explicitFileType = undefined; fileEncoding = 4; includeInIndex = 0; lastKnownFileType = sourcecode.c.h; name = BackgroundTaskManager.h; path = "cordova-plugin-mauron85-background-geolocation/BackgroundTaskManager.h"; sourceTree = "<group>"; };
		4AF5563050344B7683C6CC7E /* LocationManager.h */ = {isa = PBXFileReference; explicitFileType = undefined; fileEncoding = 4; includeInIndex = 0; lastKnownFileType = sourcecode.c.h; name = LocationManager.h; path = "cordova-plugin-mauron85-background-geolocation/LocationManager.h"; sourceTree = "<group>"; };
		50F578D1B58F4689851C35F6 /* CocoaLumberjack.m */ = {isa = PBXFileReference; explicitFileType = undefined; fileEncoding = 4; includeInIndex = 0; lastKnownFileType = sourcecode.c.objc; name = CocoaLumberjack.m; path = "cordova-plugin-mauron85-background-geolocation/CocoaLumberjack.m"; sourceTree = "<group>"; };
		534F223628F94EBCA190E9FE /* LocationContract.h */ = {isa = PBXFileReference; explicitFileType = undefined; fileEncoding = 4; includeInIndex = 0; lastKnownFileType = sourcecode.c.h; name = LocationContract.h; path = "cordova-plugin-mauron85-background-geolocation/LocationContract.h"; sourceTree = "<group>"; };
		55C8DCEF103F4D8583A16F2E /* CDVFile.m */ = {isa = PBXFileReference; explicitFileType = undefined; fileEncoding = 4; includeInIndex = 0; lastKnownFileType = sourcecode.c.objc; name = CDVFile.m; path = "cordova-plugin-file/CDVFile.m"; sourceTree = "<group>"; };
		5670499F717A4FD38B148AEA /* CoreLocation.framework */ = {isa = PBXFileReference; explicitFileType = undefined; fileEncoding = 0; includeInIndex = 0; lastKnownFileType = wrapper.framework; name = CoreLocation.framework; path = System/Library/Frameworks/CoreLocation.framework; sourceTree = SDKROOT; };
		5BBD7CFD0BE140808D8488F9 /* CDVDevice.h */ = {isa = PBXFileReference; explicitFileType = undefined; fileEncoding = 4; includeInIndex = 0; lastKnownFileType = sourcecode.c.h; name = CDVDevice.h; path = "cordova-plugin-device/CDVDevice.h"; sourceTree = "<group>"; };
		5F062180D579405EB3B9AAF8 /* libsqlite3.dylib */ = {isa = PBXFileReference; explicitFileType = undefined; fileEncoding = 0; includeInIndex = 0; lastKnownFileType = "compiled.mach-o.dylib"; name = libsqlite3.dylib; path = usr/lib/libsqlite3.dylib; sourceTree = SDKROOT; };
		5F7AF7A121FA437BAD389123 /* SQLiteOpenHelper.m */ = {isa = PBXFileReference; explicitFileType = undefined; fileEncoding = 4; includeInIndex = 0; lastKnownFileType = sourcecode.c.objc; name = SQLiteOpenHelper.m; path = "cordova-plugin-mauron85-background-geolocation/SQLiteOpenHelper.m"; sourceTree = "<group>"; };
		61CC1C576DAD4CB4AADB1EE9 /* CDVLocation.m */ = {isa = PBXFileReference; explicitFileType = undefined; fileEncoding = 4; includeInIndex = 0; lastKnownFileType = sourcecode.c.objc; name = CDVLocation.m; path = "cordova-plugin-geolocation/CDVLocation.m"; sourceTree = "<group>"; };
		631DDD1C3B8240548860800B /* Logging.h */ = {isa = PBXFileReference; explicitFileType = undefined; fileEncoding = 4; includeInIndex = 0; lastKnownFileType = sourcecode.c.h; name = Logging.h; path = "cordova-plugin-mauron85-background-geolocation/Logging.h"; sourceTree = "<group>"; };
		68FB065A10444ADA97F6353C /* CDVFile.h */ = {isa = PBXFileReference; explicitFileType = undefined; fileEncoding = 4; includeInIndex = 0; lastKnownFileType = sourcecode.c.h; name = CDVFile.h; path = "cordova-plugin-file/CDVFile.h"; sourceTree = "<group>"; };
		6AFC1664C9D542E8B479171D /* IonicKeyboard.h */ = {isa = PBXFileReference; explicitFileType = undefined; fileEncoding = 4; includeInIndex = 0; lastKnownFileType = sourcecode.c.h; name = IonicKeyboard.h; path = "ionic-plugin-keyboard/IonicKeyboard.h"; sourceTree = "<group>"; };
		6D05261E8D8D43388F4FF6A1 /* CDVLogger.m */ = {isa = PBXFileReference; explicitFileType = undefined; fileEncoding = 4; includeInIndex = 0; lastKnownFileType = sourcecode.c.objc; name = CDVLogger.m; path = "cordova-plugin-console/CDVLogger.m"; sourceTree = "<group>"; };
		732CDD1ACB2944C29D72C010 /* FMDBLogger.h */ = {isa = PBXFileReference; explicitFileType = undefined; fileEncoding = 4; includeInIndex = 0; lastKnownFileType = sourcecode.c.h; name = FMDBLogger.h; path = "cordova-plugin-mauron85-background-geolocation/FMDBLogger.h"; sourceTree = "<group>"; };
		7D8C3D853EEC48E190C7B8AB /* FMDB.h */ = {isa = PBXFileReference; explicitFileType = undefined; fileEncoding = 4; includeInIndex = 0; lastKnownFileType = sourcecode.c.h; name = FMDB.h; path = "cordova-plugin-mauron85-background-geolocation/FMDB.h"; sourceTree = "<group>"; };
		7F46F9A945E146E89346C1EB /* SQLiteHelper.m */ = {isa = PBXFileReference; explicitFileType = undefined; fileEncoding = 4; includeInIndex = 0; lastKnownFileType = sourcecode.c.objc; name = SQLiteHelper.m; path = "cordova-plugin-mauron85-background-geolocation/SQLiteHelper.m"; sourceTree = "<group>"; };
		86254D8C72274D0B918F9970 /* CDVViewController+SplashScreen.m */ = {isa = PBXFileReference; explicitFileType = undefined; fileEncoding = 4; includeInIndex = 0; lastKnownFileType = sourcecode.c.objc; name = "CDVViewController+SplashScreen.m"; path = "cordova-plugin-splashscreen/CDVViewController+SplashScreen.m"; sourceTree = "<group>"; };
		8D1107310486CEB800E47090 /* roadRunner-Info.plist */ = {isa = PBXFileReference; fileEncoding = 4; lastKnownFileType = text.plist.xml; name = "roadRunner-Info.plist"; path = "roadRunner/roadRunner-Info.plist"; plistStructureDefinitionIdentifier = "com.apple.xcode.plist.structure-definition.iphone.info-plist"; sourceTree = SOURCE_ROOT; };
		9018B2DA8BE64DA7BF32D768 /* IonicKeyboard.m */ = {isa = PBXFileReference; explicitFileType = undefined; fileEncoding = 4; includeInIndex = 0; lastKnownFileType = sourcecode.c.objc; name = IonicKeyboard.m; path = "ionic-plugin-keyboard/IonicKeyboard.m"; sourceTree = "<group>"; };
		90B3F437B1784EBF9400FC76 /* GeolocationOpenHelper.m */ = {isa = PBXFileReference; explicitFileType = undefined; fileEncoding = 4; includeInIndex = 0; lastKnownFileType = sourcecode.c.objc; name = GeolocationOpenHelper.m; path = "cordova-plugin-mauron85-background-geolocation/GeolocationOpenHelper.m"; sourceTree = "<group>"; };
		91A255A12EA34ECFB6F46189 /* APPBackgroundMode.m */ = {isa = PBXFileReference; explicitFileType = undefined; fileEncoding = 4; includeInIndex = 0; lastKnownFileType = sourcecode.c.objc; name = APPBackgroundMode.m; path = "cordova-plugin-background-mode/APPBackgroundMode.m"; sourceTree = "<group>"; };
		92DFA2C2F5FB4710A7BD6938 /* CDVViewController+SplashScreen.h */ = {isa = PBXFileReference; explicitFileType = undefined; fileEncoding = 4; includeInIndex = 0; lastKnownFileType = sourcecode.c.h; name = "CDVViewController+SplashScreen.h"; path = "cordova-plugin-splashscreen/CDVViewController+SplashScreen.h"; sourceTree = "<group>"; };
		964B28282D7B45788600AE58 /* CDVSound.m */ = {isa = PBXFileReference; explicitFileType = undefined; fileEncoding = 4; includeInIndex = 0; lastKnownFileType = sourcecode.c.objc; name = CDVSound.m; path = "cordova-plugin-media/CDVSound.m"; sourceTree = "<group>"; };
		A190665098994D33A89219F7 /* SQLiteOpenHelper.h */ = {isa = PBXFileReference; explicitFileType = undefined; fileEncoding = 4; includeInIndex = 0; lastKnownFileType = sourcecode.c.h; name = SQLiteOpenHelper.h; path = "cordova-plugin-mauron85-background-geolocation/SQLiteOpenHelper.h"; sourceTree = "<group>"; };
		A720C5BC139A49CBAEE77FC6 /* CDVSplashScreen.h */ = {isa = PBXFileReference; explicitFileType = undefined; fileEncoding = 4; includeInIndex = 0; lastKnownFileType = sourcecode.c.h; name = CDVSplashScreen.h; path = "cordova-plugin-splashscreen/CDVSplashScreen.h"; sourceTree = "<group>"; };
		AD73B8693C684497B52DBC9E /* SQLiteLocationDAO.h */ = {isa = PBXFileReference; explicitFileType = undefined; fileEncoding = 4; includeInIndex = 0; lastKnownFileType = sourcecode.c.h; name = SQLiteLocationDAO.h; path = "cordova-plugin-mauron85-background-geolocation/SQLiteLocationDAO.h"; sourceTree = "<group>"; };
		B195095778FA499E970D58C6 /* Config.m */ = {isa = PBXFileReference; explicitFileType = undefined; fileEncoding = 4; includeInIndex = 0; lastKnownFileType = sourcecode.c.objc; name = Config.m; path = "cordova-plugin-mauron85-background-geolocation/Config.m"; sourceTree = "<group>"; };
		B39C68F9C5DD4200B1D87F0C /* AVFoundation.framework */ = {isa = PBXFileReference; explicitFileType = undefined; fileEncoding = 0; includeInIndex = 0; lastKnownFileType = wrapper.framework; name = AVFoundation.framework; path = System/Library/Frameworks/AVFoundation.framework; sourceTree = SDKROOT; };
		B96D90DDF2AC4725847A9D75 /* CDVBackgroundGeolocation.h */ = {isa = PBXFileReference; explicitFileType = undefined; fileEncoding = 4; includeInIndex = 0; lastKnownFileType = sourcecode.c.h; name = CDVBackgroundGeolocation.h; path = "cordova-plugin-mauron85-background-geolocation/CDVBackgroundGeolocation.h"; sourceTree = "<group>"; };
		BA692AA80B2245DFA5543293 /* CDVStatusBar.h */ = {isa = PBXFileReference; explicitFileType = undefined; fileEncoding = 4; includeInIndex = 0; lastKnownFileType = sourcecode.c.h; name = CDVStatusBar.h; path = "cordova-plugin-statusbar/CDVStatusBar.h"; sourceTree = "<group>"; };
		BAC33836F1A7498487239B7B /* FMDBLogger.m */ = {isa = PBXFileReference; explicitFileType = undefined; fileEncoding = 4; includeInIndex = 0; lastKnownFileType = sourcecode.c.objc; name = FMDBLogger.m; path = "cordova-plugin-mauron85-background-geolocation/FMDBLogger.m"; sourceTree = "<group>"; };
		CE98932267A84111B4082E64 /* FMDB.m */ = {isa = PBXFileReference; explicitFileType = undefined; fileEncoding = 4; includeInIndex = 0; lastKnownFileType = sourcecode.c.objc; name = FMDB.m; path = "cordova-plugin-mauron85-background-geolocation/FMDB.m"; sourceTree = "<group>"; };
		CEACCD642A8142E2B302D784 /* Logging.m */ = {isa = PBXFileReference; explicitFileType = undefined; fileEncoding = 4; includeInIndex = 0; lastKnownFileType = sourcecode.c.objc; name = Logging.m; path = "cordova-plugin-mauron85-background-geolocation/Logging.m"; sourceTree = "<group>"; };
		D0B7CDE7F3334E4D81340D4F /* CDVSplashScreen.m */ = {isa = PBXFileReference; explicitFileType = undefined; fileEncoding = 4; includeInIndex = 0; lastKnownFileType = sourcecode.c.objc; name = CDVSplashScreen.m; path = "cordova-plugin-splashscreen/CDVSplashScreen.m"; sourceTree = "<group>"; };
		D93EB44191DF4694B382F861 /* APPBackgroundMode.h */ = {isa = PBXFileReference; explicitFileType = undefined; fileEncoding = 4; includeInIndex = 0; lastKnownFileType = sourcecode.c.h; name = APPBackgroundMode.h; path = "cordova-plugin-background-mode/APPBackgroundMode.h"; sourceTree = "<group>"; };
		DF7B2C0B71D54692B8C1484A /* LocationUploader.m */ = {isa = PBXFileReference; explicitFileType = undefined; fileEncoding = 4; includeInIndex = 0; lastKnownFileType = sourcecode.c.objc; name = LocationUploader.m; path = "cordova-plugin-mauron85-background-geolocation/LocationUploader.m"; sourceTree = "<group>"; };
		E105A0A0ADCB43BF94DBA98C /* LocationContract.m */ = {isa = PBXFileReference; explicitFileType = undefined; fileEncoding = 4; includeInIndex = 0; lastKnownFileType = sourcecode.c.objc; name = LocationContract.m; path = "cordova-plugin-mauron85-background-geolocation/LocationContract.m"; sourceTree = "<group>"; };
		EB7DD99D611B43D28E106EA3 /* AudioToolbox.framework */ = {isa = PBXFileReference; explicitFileType = undefined; fileEncoding = 0; includeInIndex = 0; lastKnownFileType = wrapper.framework; name = AudioToolbox.framework; path = System/Library/Frameworks/AudioToolbox.framework; sourceTree = SDKROOT; };
		EB87FDF31871DA8E0020F90C /* www */ = {isa = PBXFileReference; lastKnownFileType = folder; name = www; path = ../../www; sourceTree = "<group>"; };
		EB87FDF41871DAF40020F90C /* config.xml */ = {isa = PBXFileReference; lastKnownFileType = text.xml; name = config.xml; path = ../../config.xml; sourceTree = "<group>"; };
		ED33DF2A687741AEAF9F8254 /* Bridging-Header.h */ = {isa = PBXFileReference; fileEncoding = 4; lastKnownFileType = sourcecode.c.h; path = "Bridging-Header.h"; sourceTree = "<group>"; };
		F1A5375DBEA94FC889D0A2CA /* CDVSound.h */ = {isa = PBXFileReference; explicitFileType = undefined; fileEncoding = 4; includeInIndex = 0; lastKnownFileType = sourcecode.c.h; name = CDVSound.h; path = "cordova-plugin-media/CDVSound.h"; sourceTree = "<group>"; };
		F72F6CC61F6B476D804A97DF /* appbeep.wav */ = {isa = PBXFileReference; explicitFileType = undefined; fileEncoding = 0; includeInIndex = 0; lastKnownFileType = unknown; path = appbeep.wav; sourceTree = "<group>"; };
		F840E1F0165FE0F500CFE078 /* config.xml */ = {isa = PBXFileReference; lastKnownFileType = text.xml; name = config.xml; path = roadRunner/config.xml; sourceTree = "<group>"; };
/* End PBXFileReference section */

/* Begin PBXFrameworksBuildPhase section */
		1D60588F0D05DD3D006BFB54 /* Frameworks */ = {
			isa = PBXFrameworksBuildPhase;
			buildActionMask = 2147483647;
			files = (
				301BF552109A68D80062928A /* libCordova.a in Frameworks */,
				528611CD6BF147689BC717DC /* CoreLocation.framework in Frameworks */,
				3B31C2C7EABF42E6A3685E3B /* SystemConfiguration.framework in Frameworks */,
				BC368A8C63ED4B23A3F25928 /* AudioToolbox.framework in Frameworks */,
				4CF29E2EC9114465868A7CF6 /* AVFoundation.framework in Frameworks */,
				C6A312A259CF4F928BF0F70C /* libsqlite3.dylib in Frameworks */,
			);
			runOnlyForDeploymentPostprocessing = 0;
		};
/* End PBXFrameworksBuildPhase section */

/* Begin PBXGroup section */
		080E96DDFE201D6D7F000001 /* Classes */ = {
			isa = PBXGroup;
			children = (
				302D95EE14D2391D003F00A1 /* MainViewController.h */,
				302D95EF14D2391D003F00A1 /* MainViewController.m */,
				302D95F014D2391D003F00A1 /* MainViewController.xib */,
				1D3623240D0F684500981E51 /* AppDelegate.h */,
				1D3623250D0F684500981E51 /* AppDelegate.m */,
			);
			name = Classes;
			path = roadRunner/Classes;
			sourceTree = SOURCE_ROOT;
		};
		19C28FACFE9D520D11CA2CBB /* Products */ = {
			isa = PBXGroup;
			children = (
				1D6058910D05DD3D006BFB54 /* roadRunner.app */,
			);
			name = Products;
			sourceTree = "<group>";
		};
		29B97314FDCFA39411CA2CEA /* CustomTemplate */ = {
			isa = PBXGroup;
			children = (
				EB87FDF41871DAF40020F90C /* config.xml */,
				EB87FDF31871DA8E0020F90C /* www */,
				EB87FDF11871DA420020F90C /* Staging */,
				301BF52D109A57CC0062928A /* CordovaLib.xcodeproj */,
				080E96DDFE201D6D7F000001 /* Classes */,
				307C750510C5A3420062BCA9 /* Plugins */,
				29B97315FDCFA39411CA2CEA /* Other Sources */,
				29B97317FDCFA39411CA2CEA /* Resources */,
				29B97323FDCFA39411CA2CEA /* Frameworks */,
				19C28FACFE9D520D11CA2CBB /* Products */,
			);
			name = CustomTemplate;
			sourceTree = "<group>";
		};
		29B97315FDCFA39411CA2CEA /* Other Sources */ = {
			isa = PBXGroup;
			children = (
				32CA4F630368D1EE00C91783 /* roadRunner-Prefix.pch */,
				29B97316FDCFA39411CA2CEA /* main.m */,
				ED33DF2A687741AEAF9F8254 /* Bridging-Header.h */,
			);
			name = "Other Sources";
			path = roadRunner;
			sourceTree = "<group>";
		};
		29B97317FDCFA39411CA2CEA /* Resources */ = {
			isa = PBXGroup;
			children = (
				0207DA571B56EA530066E2B4 /* Images.xcassets */,
				3047A50E1AB8057F00498E2A /* config */,
				8D1107310486CEB800E47090 /* roadRunner-Info.plist */,
				F72F6CC61F6B476D804A97DF /* appbeep.wav */,
			);
			name = Resources;
			path = roadRunner/Resources;
			sourceTree = "<group>";
		};
		29B97323FDCFA39411CA2CEA /* Frameworks */ = {
			isa = PBXGroup;
			children = (
				5670499F717A4FD38B148AEA /* CoreLocation.framework */,
				3251C386DE904022930F4715 /* SystemConfiguration.framework */,
				EB7DD99D611B43D28E106EA3 /* AudioToolbox.framework */,
				B39C68F9C5DD4200B1D87F0C /* AVFoundation.framework */,
				5F062180D579405EB3B9AAF8 /* libsqlite3.dylib */,
			);
			name = Frameworks;
			sourceTree = "<group>";
		};
		301BF52E109A57CC0062928A /* Products */ = {
			isa = PBXGroup;
			children = (
				301BF535109A57CC0062928A /* libCordova.a */,
			);
			name = Products;
			sourceTree = "<group>";
		};
		3047A50E1AB8057F00498E2A /* config */ = {
			isa = PBXGroup;
			children = (
				3047A50F1AB8059700498E2A /* build-debug.xcconfig */,
				3047A5101AB8059700498E2A /* build-release.xcconfig */,
				3047A5111AB8059700498E2A /* build.xcconfig */,
			);
			name = config;
			sourceTree = "<group>";
		};
		307C750510C5A3420062BCA9 /* Plugins */ = {
			isa = PBXGroup;
			children = (
				6D05261E8D8D43388F4FF6A1 /* CDVLogger.m */,
				044CA6B4718D497B8CB3171C /* CDVLogger.h */,
				2884DC6CE10742DAA07E5832 /* CDVDevice.m */,
				5BBD7CFD0BE140808D8488F9 /* CDVDevice.h */,
				D0B7CDE7F3334E4D81340D4F /* CDVSplashScreen.m */,
				86254D8C72274D0B918F9970 /* CDVViewController+SplashScreen.m */,
				A720C5BC139A49CBAEE77FC6 /* CDVSplashScreen.h */,
				92DFA2C2F5FB4710A7BD6938 /* CDVViewController+SplashScreen.h */,
				1B4CBE6901394C5A8602C4D2 /* CDVStatusBar.m */,
				BA692AA80B2245DFA5543293 /* CDVStatusBar.h */,
				9018B2DA8BE64DA7BF32D768 /* IonicKeyboard.m */,
				6AFC1664C9D542E8B479171D /* IonicKeyboard.h */,
				61CC1C576DAD4CB4AADB1EE9 /* CDVLocation.m */,
				3BAF945A6434480283C420DA /* CDVLocation.h */,
				55C8DCEF103F4D8583A16F2E /* CDVFile.m */,
				140E101ECF0249EBBFCBEB97 /* CDVLocalFilesystem.m */,
				3A5AE35B728D4C5A9BF8484A /* CDVAssetLibraryFilesystem.m */,
				68FB065A10444ADA97F6353C /* CDVFile.h */,
				459AAE6BFD0544B8BF6A5356 /* CDVLocalFilesystem.h */,
				06375DA633C245D0A6A075CE /* CDVAssetLibraryFilesystem.h */,
				964B28282D7B45788600AE58 /* CDVSound.m */,
				F1A5375DBEA94FC889D0A2CA /* CDVSound.h */,
				2CAA2FCB95E94A9BAAA97AC5 /* BackgroundTaskManager.m */,
				46299EAD44224ECB8C83DB4D /* CDVBackgroundGeolocation.m */,
				50F578D1B58F4689851C35F6 /* CocoaLumberjack.m */,
				B195095778FA499E970D58C6 /* Config.m */,
				CE98932267A84111B4082E64 /* FMDB.m */,
				BAC33836F1A7498487239B7B /* FMDBLogger.m */,
				90B3F437B1784EBF9400FC76 /* GeolocationOpenHelper.m */,
				1472FD6A7F39466C914C28AB /* Location.m */,
				E105A0A0ADCB43BF94DBA98C /* LocationContract.m */,
				440C13C71B0247A5A87CF313 /* LocationManager.m */,
				DF7B2C0B71D54692B8C1484A /* LocationUploader.m */,
				CEACCD642A8142E2B302D784 /* Logging.m */,
				2AEDE93A7D37420ABFF637A9 /* Reachability.m */,
				7F46F9A945E146E89346C1EB /* SQLiteHelper.m */,
				2A76354154A34D62B4F675E5 /* SQLiteLocationDAO.m */,
				5F7AF7A121FA437BAD389123 /* SQLiteOpenHelper.m */,
				46C85FF3CC8F4AF99C8D4613 /* BackgroundTaskManager.h */,
				B96D90DDF2AC4725847A9D75 /* CDVBackgroundGeolocation.h */,
				27F0109445D5488E9A6F5A76 /* CocoaLumberjack.h */,
				09442ACBA3B14221A008D194 /* Config.h */,
				7D8C3D853EEC48E190C7B8AB /* FMDB.h */,
				732CDD1ACB2944C29D72C010 /* FMDBLogger.h */,
				1AD60E763E84480EB6BE0020 /* GeolocationOpenHelper.h */,
				2F2BE599FAA642289F06DBBD /* Location.h */,
				534F223628F94EBCA190E9FE /* LocationContract.h */,
				4AF5563050344B7683C6CC7E /* LocationManager.h */,
				303C7FAC0C684FA89D9A67F0 /* LocationUploader.h */,
				631DDD1C3B8240548860800B /* Logging.h */,
				0DCBB2ABCE0A418AA538A9A4 /* Reachability.h */,
				08E0D8C4A9964F6BA61373B7 /* SQLiteHelper.h */,
				AD73B8693C684497B52DBC9E /* SQLiteLocationDAO.h */,
				A190665098994D33A89219F7 /* SQLiteOpenHelper.h */,
				91A255A12EA34ECFB6F46189 /* APPBackgroundMode.m */,
				D93EB44191DF4694B382F861 /* APPBackgroundMode.h */,
			);
			name = Plugins;
			path = roadRunner/Plugins;
			sourceTree = SOURCE_ROOT;
		};
		EB87FDF11871DA420020F90C /* Staging */ = {
			isa = PBXGroup;
			children = (
				F840E1F0165FE0F500CFE078 /* config.xml */,
				301BF56E109A69640062928A /* www */,
			);
			name = Staging;
			sourceTree = "<group>";
		};
/* End PBXGroup section */

/* Begin PBXNativeTarget section */
		1D6058900D05DD3D006BFB54 /* roadRunner */ = {
			isa = PBXNativeTarget;
			buildConfigurationList = 1D6058960D05DD3E006BFB54 /* Build configuration list for PBXNativeTarget "roadRunner" */;
			buildPhases = (
				304B58A110DAC018002A0835 /* Copy www directory */,
				1D60588D0D05DD3D006BFB54 /* Resources */,
				1D60588E0D05DD3D006BFB54 /* Sources */,
				1D60588F0D05DD3D006BFB54 /* Frameworks */,
			);
			buildRules = (
			);
			dependencies = (
				301BF551109A68C00062928A /* PBXTargetDependency */,
			);
			name = roadRunner;
			productName = roadRunner;
			productReference = 1D6058910D05DD3D006BFB54 /* roadRunner.app */;
			productType = "com.apple.product-type.application";
		};
/* End PBXNativeTarget section */

/* Begin PBXProject section */
		29B97313FDCFA39411CA2CEA /* Project object */ = {
			isa = PBXProject;
			attributes = {
				LastUpgradeCheck = 700;
				TargetAttributes = {
					1D6058900D05DD3D006BFB54 = {
						DevelopmentTeam = R7RMEE77J8;
						SystemCapabilities = {
							com.apple.BackgroundModes = {
								enabled = 1;
							};
							com.apple.Maps.iOS = {
								enabled = 0;
							};
						};
					};
				};
			};
			buildConfigurationList = C01FCF4E08A954540054247B /* Build configuration list for PBXProject "roadRunner" */;
			compatibilityVersion = "Xcode 3.2";
			developmentRegion = English;
			hasScannedForEncodings = 1;
			knownRegions = (
				en,
			);
			mainGroup = 29B97314FDCFA39411CA2CEA /* CustomTemplate */;
			projectDirPath = "";
			projectReferences = (
				{
					ProductGroup = 301BF52E109A57CC0062928A /* Products */;
					ProjectRef = 301BF52D109A57CC0062928A /* CordovaLib.xcodeproj */;
				},
			);
			projectRoot = "";
			targets = (
				1D6058900D05DD3D006BFB54 /* roadRunner */,
			);
		};
/* End PBXProject section */

/* Begin PBXReferenceProxy section */
		301BF535109A57CC0062928A /* libCordova.a */ = {
			isa = PBXReferenceProxy;
			fileType = archive.ar;
			path = libCordova.a;
			remoteRef = 301BF534109A57CC0062928A /* PBXContainerItemProxy */;
			sourceTree = BUILT_PRODUCTS_DIR;
		};
/* End PBXReferenceProxy section */

/* Begin PBXResourcesBuildPhase section */
		1D60588D0D05DD3D006BFB54 /* Resources */ = {
			isa = PBXResourcesBuildPhase;
			buildActionMask = 2147483647;
			files = (
				302D95F214D2391D003F00A1 /* MainViewController.xib in Resources */,
				0207DA581B56EA530066E2B4 /* Images.xcassets in Resources */,
				2CB7DE760747420D82C931AA /* appbeep.wav in Resources */,
			);
			runOnlyForDeploymentPostprocessing = 0;
		};
/* End PBXResourcesBuildPhase section */

/* Begin PBXShellScriptBuildPhase section */
		304B58A110DAC018002A0835 /* Copy www directory */ = {
			isa = PBXShellScriptBuildPhase;
			buildActionMask = 2147483647;
			files = (
			);
			inputPaths = (
			);
			name = "Copy www directory";
			outputPaths = (
			);
			runOnlyForDeploymentPostprocessing = 0;
			shellPath = /bin/sh;
			shellScript = "NODEJS_PATH=/usr/local/bin; NVM_NODE_PATH=~/.nvm/versions/node/`nvm version 2>/dev/null`/bin; N_NODE_PATH=`find /usr/local/n/versions/node/* -maxdepth 0 -type d 2>/dev/null | tail -1`/bin; XCODE_NODE_PATH=`xcode-select --print-path`/usr/share/xcs/Node/bin; PATH=$NODEJS_PATH:$NVM_NODE_PATH:$N_NODE_PATH:$XCODE_NODE_PATH:$PATH && node cordova/lib/copy-www-build-step.js";
			showEnvVarsInLog = 0;
		};
/* End PBXShellScriptBuildPhase section */

/* Begin PBXSourcesBuildPhase section */
		1D60588E0D05DD3D006BFB54 /* Sources */ = {
			isa = PBXSourcesBuildPhase;
			buildActionMask = 2147483647;
			files = (
				1D60589B0D05DD56006BFB54 /* main.m in Sources */,
				1D3623260D0F684500981E51 /* AppDelegate.m in Sources */,
				302D95F114D2391D003F00A1 /* MainViewController.m in Sources */,
				EFC53DF0485D47C3BD1304D4 /* CDVLogger.m in Sources */,
				E854A209D6324F63975ED5AB /* CDVDevice.m in Sources */,
				D4BAD9439E564694BAB58822 /* CDVSplashScreen.m in Sources */,
				0A38133CADAC408C8C586CF4 /* CDVViewController+SplashScreen.m in Sources */,
				AB84B828968E48728E4C10C2 /* CDVStatusBar.m in Sources */,
				31EB56F76CC7433993986E2F /* IonicKeyboard.m in Sources */,
				48ACFF255353449382428FCE /* CDVLocation.m in Sources */,
				F0BE873A22F644B0823D0D98 /* CDVFile.m in Sources */,
				CBFB2333C40448BAADA71A7E /* CDVLocalFilesystem.m in Sources */,
				EB65A50C273942E9A5A7848A /* CDVAssetLibraryFilesystem.m in Sources */,
				732006A8CBF2406C99E3E59F /* CDVSound.m in Sources */,
				011667F613A54747BDBDB391 /* BackgroundTaskManager.m in Sources */,
				351BEE76D8E14AA693236F20 /* CDVBackgroundGeolocation.m in Sources */,
				0885D542820048FD88639232 /* CocoaLumberjack.m in Sources */,
				632301A7B52B4B8F9999CEA4 /* Config.m in Sources */,
				F29BEB9BDDCE438581BD2C39 /* FMDB.m in Sources */,
				6D9BD9BDCAC44B1F83182741 /* FMDBLogger.m in Sources */,
				774A2382FF8A4F05ACAC8536 /* GeolocationOpenHelper.m in Sources */,
				12D7387CA895417180117845 /* Location.m in Sources */,
				7023C6B0A7024AFDA295B3DA /* LocationContract.m in Sources */,
				ABC588D6506D4E36B3DBA15A /* LocationManager.m in Sources */,
				66B5B94030114BB1B3C2F51D /* LocationUploader.m in Sources */,
				6C63FC687FB14B7B909AB8EC /* Logging.m in Sources */,
				A9DFFF4BF68C48EBA1C7614D /* Reachability.m in Sources */,
				CAF297D4010F46F588AD127D /* SQLiteHelper.m in Sources */,
				293BC10B92EB40BFA3A9C321 /* SQLiteLocationDAO.m in Sources */,
				839230C106E74A7FB254F81E /* SQLiteOpenHelper.m in Sources */,
				200664EF951545228D4C6F80 /* APPBackgroundMode.m in Sources */,
			);
			runOnlyForDeploymentPostprocessing = 0;
		};
/* End PBXSourcesBuildPhase section */

/* Begin PBXTargetDependency section */
		301BF551109A68C00062928A /* PBXTargetDependency */ = {
			isa = PBXTargetDependency;
			name = CordovaLib;
			targetProxy = 301BF550109A68C00062928A /* PBXContainerItemProxy */;
		};
/* End PBXTargetDependency section */

/* Begin XCBuildConfiguration section */
		1D6058940D05DD3E006BFB54 /* Debug */ = {
			isa = XCBuildConfiguration;
			baseConfigurationReference = 3047A50F1AB8059700498E2A /* build-debug.xcconfig */;
			buildSettings = {
				ALWAYS_SEARCH_USER_PATHS = NO;
				ASSETCATALOG_COMPILER_APPICON_NAME = AppIcon;
				ASSETCATALOG_COMPILER_LAUNCHIMAGE_NAME = LaunchImage;
				CLANG_ENABLE_MODULES = YES;
				CLANG_ENABLE_OBJC_ARC = YES;
				CODE_SIGN_IDENTITY = "iPhone Developer";
				"CODE_SIGN_IDENTITY[sdk=iphoneos*]" = "iPhone Developer";
				COPY_PHASE_STRIP = NO;
				GCC_DYNAMIC_NO_PIC = NO;
				GCC_OPTIMIZATION_LEVEL = 0;
				GCC_PRECOMPILE_PREFIX_HEADER = YES;
				GCC_PREFIX_HEADER = "roadRunner/roadRunner-Prefix.pch";
				GCC_THUMB_SUPPORT = NO;
				GCC_VERSION = "";
				INFOPLIST_FILE = "roadRunner/roadRunner-Info.plist";
				LD_RUNPATH_SEARCH_PATHS = "@executable_path/Frameworks";
				PRODUCT_BUNDLE_IDENTIFIER = com.ionicframework.roadrunner539495;
				PRODUCT_NAME = roadRunner;
				PROVISIONING_PROFILE = "";
			};
			name = Debug;
		};
		1D6058950D05DD3E006BFB54 /* Release */ = {
			isa = XCBuildConfiguration;
			baseConfigurationReference = 3047A5101AB8059700498E2A /* build-release.xcconfig */;
			buildSettings = {
				ALWAYS_SEARCH_USER_PATHS = NO;
				ASSETCATALOG_COMPILER_APPICON_NAME = AppIcon;
				ASSETCATALOG_COMPILER_LAUNCHIMAGE_NAME = LaunchImage;
				CLANG_ENABLE_MODULES = YES;
				CLANG_ENABLE_OBJC_ARC = YES;
				CODE_SIGN_IDENTITY = "iPhone Developer";
				"CODE_SIGN_IDENTITY[sdk=iphoneos*]" = "iPhone Developer";
				COPY_PHASE_STRIP = YES;
				GCC_PRECOMPILE_PREFIX_HEADER = YES;
				GCC_PREFIX_HEADER = "roadRunner/roadRunner-Prefix.pch";
				GCC_THUMB_SUPPORT = NO;
				GCC_VERSION = "";
				INFOPLIST_FILE = "roadRunner/roadRunner-Info.plist";
				PRODUCT_BUNDLE_IDENTIFIER = com.ionicframework.roadrunner539495;
				PRODUCT_NAME = roadRunner;
				PROVISIONING_PROFILE = "";
			};
			name = Release;
		};
		C01FCF4F08A954540054247B /* Debug */ = {
			isa = XCBuildConfiguration;
			baseConfigurationReference = 3047A5111AB8059700498E2A /* build.xcconfig */;
			buildSettings = {
				CLANG_ENABLE_MODULES = YES;
				CLANG_ENABLE_OBJC_ARC = YES;
				CLANG_WARN_BOOL_CONVERSION = YES;
				CLANG_WARN_CONSTANT_CONVERSION = YES;
				CLANG_WARN_EMPTY_BODY = YES;
				CLANG_WARN_ENUM_CONVERSION = YES;
				CLANG_WARN_INT_CONVERSION = YES;
				CLANG_WARN__DUPLICATE_METHOD_MATCH = YES;
				ENABLE_TESTABILITY = YES;
				GCC_C_LANGUAGE_STANDARD = c99;
				GCC_THUMB_SUPPORT = NO;
				GCC_VERSION = "";
				GCC_WARN_ABOUT_RETURN_TYPE = YES;
				GCC_WARN_UNDECLARED_SELECTOR = YES;
				GCC_WARN_UNINITIALIZED_AUTOS = YES;
				GCC_WARN_UNUSED_FUNCTION = YES;
				GCC_WARN_UNUSED_VARIABLE = YES;
				IPHONEOS_DEPLOYMENT_TARGET = 8.0;
				ONLY_ACTIVE_ARCH = YES;
				PRODUCT_NAME = roadRunner;
				SDKROOT = iphoneos;
				SKIP_INSTALL = NO;
			};
			name = Debug;
		};
		C01FCF5008A954540054247B /* Release */ = {
			isa = XCBuildConfiguration;
			baseConfigurationReference = 3047A5111AB8059700498E2A /* build.xcconfig */;
			buildSettings = {
				CLANG_ENABLE_MODULES = YES;
				CLANG_ENABLE_OBJC_ARC = YES;
				CLANG_WARN_BOOL_CONVERSION = YES;
				CLANG_WARN_CONSTANT_CONVERSION = YES;
				CLANG_WARN_EMPTY_BODY = YES;
				CLANG_WARN_ENUM_CONVERSION = YES;
				CLANG_WARN_INT_CONVERSION = YES;
				CLANG_WARN__DUPLICATE_METHOD_MATCH = YES;
				GCC_C_LANGUAGE_STANDARD = c99;
				GCC_THUMB_SUPPORT = NO;
				GCC_VERSION = "";
				GCC_WARN_ABOUT_RETURN_TYPE = YES;
				GCC_WARN_UNDECLARED_SELECTOR = YES;
				GCC_WARN_UNINITIALIZED_AUTOS = YES;
				GCC_WARN_UNUSED_FUNCTION = YES;
				GCC_WARN_UNUSED_VARIABLE = YES;
				IPHONEOS_DEPLOYMENT_TARGET = 8.0;
				PRODUCT_NAME = roadRunner;
				SDKROOT = iphoneos;
				SKIP_INSTALL = NO;
			};
			name = Release;
		};
/* End XCBuildConfiguration section */

/* Begin XCConfigurationList section */
		1D6058960D05DD3E006BFB54 /* Build configuration list for PBXNativeTarget "roadRunner" */ = {
			isa = XCConfigurationList;
			buildConfigurations = (
				1D6058940D05DD3E006BFB54 /* Debug */,
				1D6058950D05DD3E006BFB54 /* Release */,
			);
			defaultConfigurationIsVisible = 0;
			defaultConfigurationName = Release;
		};
		C01FCF4E08A954540054247B /* Build configuration list for PBXProject "roadRunner" */ = {
			isa = XCConfigurationList;
			buildConfigurations = (
				C01FCF4F08A954540054247B /* Debug */,
				C01FCF5008A954540054247B /* Release */,
			);
			defaultConfigurationIsVisible = 0;
			defaultConfigurationName = Release;
		};
/* End XCConfigurationList section */
	};
	rootObject = 29B97313FDCFA39411CA2CEA /* Project object */;
}
